// !$*UTF8*$!
{
    archiveVersion = 1;
    classes = {};
    objectVersion = 77;
    objects = {
        A00000000000000000000001 = {
            isa = PBXProject;
            attributes = { BuildIndependentTargetsInParallel = YES; LastUpgradeCheck = 2660; };
            buildConfigurationList = A00000000000000000000002;
            compatibilityVersion = "Xcode 16.0";
            developmentRegion = en;
            hasScannedForEncodings = 0;
            knownRegions = (en, Base, "zh-Hans");
            mainGroup = A00000000000000000000003;
            packageReferences = (A00000000000000000000015);
            preferredProjectObjectVersion = 77;
            productRefGroup = A00000000000000000000004;
            projectDirPath = "";
            projectRoot = "";
            targets = (A00000000000000000000005);
        };
        A00000000000000000000002 = { isa = XCConfigurationList; buildConfigurations = (A00000000000000000000010, A00000000000000000000011); defaultConfigurationIsVisible = 0; defaultConfigurationName = Release; };
        A00000000000000000000003 = { isa = PBXGroup; children = (A00000000000000000000006, A00000000000000000000004); sourceTree = "<group>"; };
        A00000000000000000000004 = { isa = PBXGroup; children = (A00000000000000000000007); name = Products; sourceTree = "<group>"; };
        A00000000000000000000005 = {
            isa = PBXNativeTarget;
            buildConfigurationList = A00000000000000000000012;
            buildPhases = (A00000000000000000000008, A00000000000000000000009, A0000000000000000000000A);
            buildRules = ();
            dependencies = ();
            fileSystemSynchronizedGroups = (A00000000000000000000006);
            name = NHV;
            packageProductDependencies = (A00000000000000000000016);
            productName = NHV;
            productReference = A00000000000000000000007;
            productType = "com.apple.product-type.application";
        };
        A00000000000000000000006 = { isa = PBXFileSystemSynchronizedRootGroup; path = App; sourceTree = "<group>"; };
        A00000000000000000000007 = { isa = PBXFileReference; explicitFileType = wrapper.application; includeInIndex = 0; path = NHV.app; sourceTree = BUILT_PRODUCTS_DIR; };
        A00000000000000000000008 = { isa = PBXSourcesBuildPhase; buildActionMask = 2147483647; files = (); runOnlyForDeploymentPostprocessing = 0; };
        A00000000000000000000009 = { isa = PBXFrameworksBuildPhase; buildActionMask = 2147483647; files = (A00000000000000000000017); runOnlyForDeploymentPostprocessing = 0; };
        A0000000000000000000000A = { isa = PBXResourcesBuildPhase; buildActionMask = 2147483647; files = (); runOnlyForDeploymentPostprocessing = 0; };
        A00000000000000000000010 = {
            isa = XCBuildConfiguration;
            buildSettings = { CLANG_ENABLE_MODULES = YES; SDKROOT = iphoneos; IPHONEOS_DEPLOYMENT_TARGET = 17.0; SWIFT_VERSION = 6.0; SWIFT_OPTIMIZATION_LEVEL = "-Onone"; DEBUG_INFORMATION_FORMAT = dwarf; SWIFT_ACTIVE_COMPILATION_CONDITIONS = "DEBUG $(inherited)"; };
            name = Debug;
        };
        A00000000000000000000011 = {
            isa = XCBuildConfiguration;
            buildSettings = { CLANG_ENABLE_MODULES = YES; SDKROOT = iphoneos; IPHONEOS_DEPLOYMENT_TARGET = 17.0; SWIFT_VERSION = 6.0; SWIFT_COMPILATION_MODE = wholemodule; DEBUG_INFORMATION_FORMAT = "dwarf-with-dsym"; };
            name = Release;
        };
        A00000000000000000000012 = { isa = XCConfigurationList; buildConfigurations = (A00000000000000000000013, A00000000000000000000014); defaultConfigurationIsVisible = 0; defaultConfigurationName = Release; };
        A00000000000000000000013 = {
            isa = XCBuildConfiguration;
            buildSettings = {
                CODE_SIGN_STYLE = Automatic;
                CURRENT_PROJECT_VERSION = 1;
                GENERATE_INFOPLIST_FILE = YES;
                INFOPLIST_KEY_CFBundleDisplayName = NHV;
                INFOPLIST_KEY_LSApplicationCategoryType = "public.app-category.books";
                INFOPLIST_KEY_UIApplicationSceneManifest_Generation = YES;
                INFOPLIST_KEY_UIApplicationSupportsIndirectInputEvents = YES;
                INFOPLIST_KEY_UILaunchScreen_Generation = YES;
                INFOPLIST_KEY_UISupportedInterfaceOrientations = "UIInterfaceOrientationPortrait UIInterfaceOrientationLandscapeLeft UIInterfaceOrientationLandscapeRight";
                MARKETING_VERSION = 0.1.0;
                PRODUCT_BUNDLE_IDENTIFIER = local.nhv.reader;
                PRODUCT_NAME = "$(TARGET_NAME)";
                SUPPORTED_PLATFORMS = "iphoneos iphonesimulator";
                SUPPORTS_MACCATALYST = NO;
                TARGETED_DEVICE_FAMILY = "1,2";
            };
            name = Debug;
        };
        A00000000000000000000014 = {
            isa = XCBuildConfiguration;
            buildSettings = {
                CODE_SIGN_STYLE = Automatic;
                CURRENT_PROJECT_VERSION = 1;
                GENERATE_INFOPLIST_FILE = YES;
                INFOPLIST_KEY_CFBundleDisplayName = NHV;
                INFOPLIST_KEY_LSApplicationCategoryType = "public.app-category.books";
                INFOPLIST_KEY_UIApplicationSceneManifest_Generation = YES;
                INFOPLIST_KEY_UIApplicationSupportsIndirectInputEvents = YES;
                INFOPLIST_KEY_UILaunchScreen_Generation = YES;
                INFOPLIST_KEY_UISupportedInterfaceOrientations = "UIInterfaceOrientationPortrait UIInterfaceOrientationLandscapeLeft UIInterfaceOrientationLandscapeRight";
                MARKETING_VERSION = 0.1.0;
                PRODUCT_BUNDLE_IDENTIFIER = local.nhv.reader;
                PRODUCT_NAME = "$(TARGET_NAME)";
                SUPPORTED_PLATFORMS = "iphoneos iphonesimulator";
                SUPPORTS_MACCATALYST = NO;
                TARGETED_DEVICE_FAMILY = "1,2";
            };
            name = Release;
        };
        A00000000000000000000015 = { isa = XCLocalSwiftPackageReference; relativePath = .; };
        A00000000000000000000016 = { isa = XCSwiftPackageProductDependency; package = A00000000000000000000015; productName = NHVCore; };
        A00000000000000000000017 = { isa = PBXBuildFile; productRef = A00000000000000000000016; };
    };
    rootObject = A00000000000000000000001;
}
